
Microsoft Visual Studio Solution File, Format Version 12.00
# Visual Studio 15
VisualStudioVersion = 15.0.27703.2042
MinimumVisualStudioVersion = 10.0.40219.1
Project("{2150E333-8FDC-42A3-9474-1A3956D46DE8}") = "1 - UI", "1 - UI", "{3BAC06ED-CF12-4346-95AE-D9F0FACE9E54}"
EndProject
Project("{2150E333-8FDC-42A3-9474-1A3956D46DE8}") = "2 - Service", "2 - Service", "{981B9BC8-59B0-4FBA-85D1-4E0BF71B3CB1}"
EndProject
Project("{2150E333-8FDC-42A3-9474-1A3956D46DE8}") = "3 - App", "3 - App", "{592A558D-EB8E-4F6B-A433-DC6CE0DDE54C}"
EndProject
Project("{2150E333-8FDC-42A3-9474-1A3956D46DE8}") = "4 - Domain", "4 - Domain", "{5B1F9A1C-2389-43DD-B686-972F0E4B150E}"
EndProject
Project("{2150E333-8FDC-42A3-9474-1A3956D46DE8}") = "5 - Infra", "5 - Infra", "{FB595632-9EDF-44B0-94D9-155F1AF43A9B}"
EndProject
Project("{2150E333-8FDC-42A3-9474-1A3956D46DE8}") = "5.1 Data", "5.1 Data", "{D4F826B5-3CEF-4DE3-A70F-6C8E90E27C78}"
EndProject
Project("{2150E333-8FDC-42A3-9474-1A3956D46DE8}") = "5.2 CrossCutting", "5.2 CrossCutting", "{DA505B6C-4CFA-4B0D-9C94-40DB70CF89D9}"
EndProject
Project("{FAE04EC0-301F-11D3-BF4B-00C04F79EFBC}") = "ToDoList.Domain", "src\ToDoList.Domain\ToDoList.Domain.csproj", "{C37A9529-FD75-432A-9855-DB06935769F2}"
EndProject
Project("{FAE04EC0-301F-11D3-BF4B-00C04F79EFBC}") = "ToDoList.Infra.Data", "src\ToDoList.Infra.Data\ToDoList.Infra.Data.csproj", "{14EF68D4-7D9E-47CD-829F-9B112094E790}"
EndProject
Project("{FAE04EC0-301F-11D3-BF4B-00C04F79EFBC}") = "ToDoList.MVC", "src\ToDoList.MVC\ToDoList.MVC.csproj", "{366832B4-E3A4-4E4E-9CAE-221087262EA8}"
EndProject
Project("{FAE04EC0-301F-11D3-BF4B-00C04F79EFBC}") = "ToDoList.App", "src\ToDoList.App\ToDoList.App.csproj", "{6F8432CB-B22B-49B0-8053-09BCB1BBD6B9}"
EndProject
Project("{FAE04EC0-301F-11D3-BF4B-00C04F79EFBC}") = "ToDoList.Infra.CrossCutting.Ioc", "src\ToDoList.Infra.CrossCutting.Ioc\ToDoList.Infra.CrossCutting.Ioc.csproj", "{D897431D-5DB4-47EA-8A00-493CF5718933}"
EndProject
Global
	GlobalSection(SolutionConfigurationPlatforms) = preSolution
		Debug|Any CPU = Debug|Any CPU
		Release|Any CPU = Release|Any CPU
	EndGlobalSection
	GlobalSection(ProjectConfigurationPlatforms) = postSolution
		{C37A9529-FD75-432A-9855-DB06935769F2}.Debug|Any CPU.ActiveCfg = Debug|Any CPU
		{C37A9529-FD75-432A-9855-DB06935769F2}.Debug|Any CPU.Build.0 = Debug|Any CPU
		{C37A9529-FD75-432A-9855-DB06935769F2}.Release|Any CPU.ActiveCfg = Release|Any CPU
		{C37A9529-FD75-432A-9855-DB06935769F2}.Release|Any CPU.Build.0 = Release|Any CPU
		{14EF68D4-7D9E-47CD-829F-9B112094E790}.Debug|Any CPU.ActiveCfg = Debug|Any CPU
		{14EF68D4-7D9E-47CD-829F-9B112094E790}.Debug|Any CPU.Build.0 = Debug|Any CPU
		{14EF68D4-7D9E-47CD-829F-9B112094E790}.Release|Any CPU.ActiveCfg = Release|Any CPU
		{14EF68D4-7D9E-47CD-829F-9B112094E790}.Release|Any CPU.Build.0 = Release|Any CPU
		{366832B4-E3A4-4E4E-9CAE-221087262EA8}.Debug|Any CPU.ActiveCfg = Debug|Any CPU
		{366832B4-E3A4-4E4E-9CAE-221087262EA8}.Debug|Any CPU.Build.0 = Debug|Any CPU
		{366832B4-E3A4-4E4E-9CAE-221087262EA8}.Release|Any CPU.ActiveCfg = Release|Any CPU
		{366832B4-E3A4-4E4E-9CAE-221087262EA8}.Release|Any CPU.Build.0 = Release|Any CPU
		{6F8432CB-B22B-49B0-8053-09BCB1BBD6B9}.Debug|Any CPU.ActiveCfg = Debug|Any CPU
		{6F8432CB-B22B-49B0-8053-09BCB1BBD6B9}.Debug|Any CPU.Build.0 = Debug|Any CPU
		{6F8432CB-B22B-49B0-8053-09BCB1BBD6B9}.Release|Any CPU.ActiveCfg = Release|Any CPU
		{6F8432CB-B22B-49B0-8053-09BCB1BBD6B9}.Release|Any CPU.Build.0 = Release|Any CPU
		{D897431D-5DB4-47EA-8A00-493CF5718933}.Debug|Any CPU.ActiveCfg = Debug|Any CPU
		{D897431D-5DB4-47EA-8A00-493CF5718933}.Debug|Any CPU.Build.0 = Debug|Any CPU
		{D897431D-5DB4-47EA-8A00-493CF5718933}.Release|Any CPU.ActiveCfg = Release|Any CPU
		{D897431D-5DB4-47EA-8A00-493CF5718933}.Release|Any CPU.Build.0 = Release|Any CPU
	EndGlobalSection
	GlobalSection(SolutionProperties) = preSolution
		HideSolutionNode = FALSE
	EndGlobalSection
	GlobalSection(NestedProjects) = preSolution
		{D4F826B5-3CEF-4DE3-A70F-6C8E90E27C78} = {FB595632-9EDF-44B0-94D9-155F1AF43A9B}
		{DA505B6C-4CFA-4B0D-9C94-40DB70CF89D9} = {FB595632-9EDF-44B0-94D9-155F1AF43A9B}
		{C37A9529-FD75-432A-9855-DB06935769F2} = {5B1F9A1C-2389-43DD-B686-972F0E4B150E}
		{14EF68D4-7D9E-47CD-829F-9B112094E790} = {D4F826B5-3CEF-4DE3-A70F-6C8E90E27C78}
		{366832B4-E3A4-4E4E-9CAE-221087262EA8} = {3BAC06ED-CF12-4346-95AE-D9F0FACE9E54}
		{6F8432CB-B22B-49B0-8053-09BCB1BBD6B9} = {592A558D-EB8E-4F6B-A433-DC6CE0DDE54C}
		{D897431D-5DB4-47EA-8A00-493CF5718933} = {DA505B6C-4CFA-4B0D-9C94-40DB70CF89D9}
	EndGlobalSection
	GlobalSection(ExtensibilityGlobals) = postSolution
		SolutionGuid = {F7391B13-1F6D-46C4-AD87-1DB453FAECF7}
	EndGlobalSection
EndGlobal
